
Microsoft Visual Studio Solution File, Format Version 12.00
# Visual Studio Version 16
VisualStudioVersion = 16.0.32106.194
MinimumVisualStudioVersion = 10.0.40219.1
Project("{FAE04EC0-301F-11D3-BF4B-00C04F79EFBC}") = "TicTacToeGame", "TicTacToeGame.csproj", "{0BFE5F29-37D9-4DEB-8986-43848CD7F600}"
EndProject
Global
	GlobalSection(SolutionConfigurationPlatforms) = preSolution
		Debug|Any CPU = Debug|Any CPU
		Release|Any CPU = Release|Any CPU
	EndGlobalSection
	GlobalSection(ProjectConfigurationPlatforms) = postSolution
		{0BFE5F29-37D9-4DEB-8986-43848CD7F600}.Debug|Any CPU.ActiveCfg = Debug|Any CPU
		{0BFE5F29-37D9-4DEB-8986-43848CD7F600}.Debug|Any CPU.Build.0 = Debug|Any CPU
		{0BFE5F29-37D9-4DEB-8986-43848CD7F600}.Release|Any CPU.ActiveCfg = Release|Any CPU
		{0BFE5F29-37D9-4DEB-8986-43848CD7F600}.Release|Any CPU.Build.0 = Release|Any CPU
	EndGlobalSection
	GlobalSection(SolutionProperties) = preSolution
		HideSolutionNode = FALSE
	EndGlobalSection
	GlobalSection(ExtensibilityGlobals) = postSolution
		SolutionGuid = {892D3326-8F60-474D-A735-2CB6D08D04A1}
	EndGlobalSection
EndGlobal
